
Microsoft Visual Studio Solution File, Format Version 12.00
# Visual Studio Version 17
VisualStudioVersion = 17.1.32328.378
MinimumVisualStudioVersion = 10.0.40219.1
Project("{2150E333-8FDC-42A3-9474-1A3956D46DE8}") = "UserPanel", "UserPanel", "{9A8B1F06-B1F4-4E87-BDC0-25041D7B94CF}"
EndProject
Project("{2150E333-8FDC-42A3-9474-1A3956D46DE8}") = "Core", "Core", "{17FD6291-D611-4690-BB16-FA017FF45F20}"
EndProject
Project("{2150E333-8FDC-42A3-9474-1A3956D46DE8}") = "Data", "Data", "{1CA6B11A-5B74-402E-895E-70ED351A8862}"
EndProject
Project("{2150E333-8FDC-42A3-9474-1A3956D46DE8}") = "Service", "Service", "{2EEDFE7C-95F5-419F-9A30-69BABA503DA9}"
EndProject
Project("{2150E333-8FDC-42A3-9474-1A3956D46DE8}") = "UI", "UI", "{82684B33-66EB-4D0E-B15B-89058A34EFC0}"
EndProject
Project("{9A19103F-16F7-4668-BE54-9A1E7A4F7556}") = "UserPanel.Core", "UserPanel.Core\UserPanel.Core.csproj", "{044FA77D-9F8C-4BC5-9E70-31A052440B57}"
EndProject
Project("{9A19103F-16F7-4668-BE54-9A1E7A4F7556}") = "UserPanel.Data", "UserPanel.Data\UserPanel.Data.csproj", "{8D97A66B-04EA-4640-8FA6-64B37B29F25A}"
EndProject
Project("{9A19103F-16F7-4668-BE54-9A1E7A4F7556}") = "UserPanel.Service", "UserPanel.Service\UserPanel.Service.csproj", "{E8E58F5B-25EF-4487-A577-1DA9AED17B55}"
EndProject
Project("{9A19103F-16F7-4668-BE54-9A1E7A4F7556}") = "UserPanel.API", "UserPanel.API\UserPanel.API.csproj", "{4223D622-C01B-4159-9E12-C0F2CCA743FC}"
EndProject
Project("{2150E333-8FDC-42A3-9474-1A3956D46DE8}") = "Utils", "Utils", "{C562102D-D6F0-4CB3-AEB7-E6BFEF6FD308}"
EndProject
Project("{9A19103F-16F7-4668-BE54-9A1E7A4F7556}") = "UserPanel.Shared", "UserPanel.Shared\UserPanel.Shared.csproj", "{084A8850-BEF2-4682-BDD0-4D45DF5AD6CE}"
EndProject
Project("{2150E333-8FDC-42A3-9474-1A3956D46DE8}") = "ManagementPanel", "ManagementPanel", "{D7ED8B94-DF95-4E2B-915A-9F67705BDBA1}"
EndProject
Project("{2150E333-8FDC-42A3-9474-1A3956D46DE8}") = "Service", "Service", "{A7D66966-136C-450D-AA63-A1646157A906}"
EndProject
Project("{2150E333-8FDC-42A3-9474-1A3956D46DE8}") = "UI", "UI", "{998D0BC8-3913-46DD-8DAE-8A7507ECF627}"
EndProject
Project("{2150E333-8FDC-42A3-9474-1A3956D46DE8}") = "Data", "Data", "{9F12AFB0-4CE2-4E17-B614-284DA92998BB}"
EndProject
Project("{2150E333-8FDC-42A3-9474-1A3956D46DE8}") = "Core", "Core", "{2463C0D8-D0A0-4628-ABC8-B46D374B6E3B}"
EndProject
Project("{FAE04EC0-301F-11D3-BF4B-00C04F79EFBC}") = "ManagementPanel.Consumer", "ManagementPanel.Consumer\ManagementPanel.Consumer.csproj", "{7C1932F9-E4B7-4BA0-928F-5C1EB3A635BD}"
EndProject
Global
	GlobalSection(SolutionConfigurationPlatforms) = preSolution
		Debug|Any CPU = Debug|Any CPU
		Release|Any CPU = Release|Any CPU
	EndGlobalSection
	GlobalSection(ProjectConfigurationPlatforms) = postSolution
		{044FA77D-9F8C-4BC5-9E70-31A052440B57}.Debug|Any CPU.ActiveCfg = Debug|Any CPU
		{044FA77D-9F8C-4BC5-9E70-31A052440B57}.Debug|Any CPU.Build.0 = Debug|Any CPU
		{044FA77D-9F8C-4BC5-9E70-31A052440B57}.Release|Any CPU.ActiveCfg = Release|Any CPU
		{044FA77D-9F8C-4BC5-9E70-31A052440B57}.Release|Any CPU.Build.0 = Release|Any CPU
		{8D97A66B-04EA-4640-8FA6-64B37B29F25A}.Debug|Any CPU.ActiveCfg = Debug|Any CPU
		{8D97A66B-04EA-4640-8FA6-64B37B29F25A}.Debug|Any CPU.Build.0 = Debug|Any CPU
		{8D97A66B-04EA-4640-8FA6-64B37B29F25A}.Release|Any CPU.ActiveCfg = Release|Any CPU
		{8D97A66B-04EA-4640-8FA6-64B37B29F25A}.Release|Any CPU.Build.0 = Release|Any CPU
		{E8E58F5B-25EF-4487-A577-1DA9AED17B55}.Debug|Any CPU.ActiveCfg = Debug|Any CPU
		{E8E58F5B-25EF-4487-A577-1DA9AED17B55}.Debug|Any CPU.Build.0 = Debug|Any CPU
		{E8E58F5B-25EF-4487-A577-1DA9AED17B55}.Release|Any CPU.ActiveCfg = Release|Any CPU
		{E8E58F5B-25EF-4487-A577-1DA9AED17B55}.Release|Any CPU.Build.0 = Release|Any CPU
		{4223D622-C01B-4159-9E12-C0F2CCA743FC}.Debug|Any CPU.ActiveCfg = Debug|Any CPU
		{4223D622-C01B-4159-9E12-C0F2CCA743FC}.Debug|Any CPU.Build.0 = Debug|Any CPU
		{4223D622-C01B-4159-9E12-C0F2CCA743FC}.Release|Any CPU.ActiveCfg = Release|Any CPU
		{4223D622-C01B-4159-9E12-C0F2CCA743FC}.Release|Any CPU.Build.0 = Release|Any CPU
		{084A8850-BEF2-4682-BDD0-4D45DF5AD6CE}.Debug|Any CPU.ActiveCfg = Debug|Any CPU
		{084A8850-BEF2-4682-BDD0-4D45DF5AD6CE}.Debug|Any CPU.Build.0 = Debug|Any CPU
		{084A8850-BEF2-4682-BDD0-4D45DF5AD6CE}.Release|Any CPU.ActiveCfg = Release|Any CPU
		{084A8850-BEF2-4682-BDD0-4D45DF5AD6CE}.Release|Any CPU.Build.0 = Release|Any CPU
		{7C1932F9-E4B7-4BA0-928F-5C1EB3A635BD}.Debug|Any CPU.ActiveCfg = Debug|Any CPU
		{7C1932F9-E4B7-4BA0-928F-5C1EB3A635BD}.Debug|Any CPU.Build.0 = Debug|Any CPU
		{7C1932F9-E4B7-4BA0-928F-5C1EB3A635BD}.Release|Any CPU.ActiveCfg = Release|Any CPU
		{7C1932F9-E4B7-4BA0-928F-5C1EB3A635BD}.Release|Any CPU.Build.0 = Release|Any CPU
	EndGlobalSection
	GlobalSection(SolutionProperties) = preSolution
		HideSolutionNode = FALSE
	EndGlobalSection
	GlobalSection(NestedProjects) = preSolution
		{17FD6291-D611-4690-BB16-FA017FF45F20} = {9A8B1F06-B1F4-4E87-BDC0-25041D7B94CF}
		{1CA6B11A-5B74-402E-895E-70ED351A8862} = {9A8B1F06-B1F4-4E87-BDC0-25041D7B94CF}
		{2EEDFE7C-95F5-419F-9A30-69BABA503DA9} = {9A8B1F06-B1F4-4E87-BDC0-25041D7B94CF}
		{82684B33-66EB-4D0E-B15B-89058A34EFC0} = {9A8B1F06-B1F4-4E87-BDC0-25041D7B94CF}
		{044FA77D-9F8C-4BC5-9E70-31A052440B57} = {17FD6291-D611-4690-BB16-FA017FF45F20}
		{8D97A66B-04EA-4640-8FA6-64B37B29F25A} = {1CA6B11A-5B74-402E-895E-70ED351A8862}
		{E8E58F5B-25EF-4487-A577-1DA9AED17B55} = {2EEDFE7C-95F5-419F-9A30-69BABA503DA9}
		{4223D622-C01B-4159-9E12-C0F2CCA743FC} = {82684B33-66EB-4D0E-B15B-89058A34EFC0}
		{C562102D-D6F0-4CB3-AEB7-E6BFEF6FD308} = {9A8B1F06-B1F4-4E87-BDC0-25041D7B94CF}
		{084A8850-BEF2-4682-BDD0-4D45DF5AD6CE} = {C562102D-D6F0-4CB3-AEB7-E6BFEF6FD308}
		{A7D66966-136C-450D-AA63-A1646157A906} = {D7ED8B94-DF95-4E2B-915A-9F67705BDBA1}
		{998D0BC8-3913-46DD-8DAE-8A7507ECF627} = {D7ED8B94-DF95-4E2B-915A-9F67705BDBA1}
		{9F12AFB0-4CE2-4E17-B614-284DA92998BB} = {D7ED8B94-DF95-4E2B-915A-9F67705BDBA1}
		{2463C0D8-D0A0-4628-ABC8-B46D374B6E3B} = {D7ED8B94-DF95-4E2B-915A-9F67705BDBA1}
		{7C1932F9-E4B7-4BA0-928F-5C1EB3A635BD} = {A7D66966-136C-450D-AA63-A1646157A906}
	EndGlobalSection
	GlobalSection(ExtensibilityGlobals) = postSolution
		SolutionGuid = {140909A0-78C6-47CB-9C6B-2957C06F031F}
	EndGlobalSection
EndGlobal
